
Microsoft Visual Studio Solution File, Format Version 12.00
# Visual Studio 15
Project("{FAE04EC0-301F-11D3-BF4B-00C04F79EFBC}") = "loucasim.Plugins", "loucasim.Plugins.csproj", "{AE7AD687-A42E-DED4-2BE9-EC1483EF018F}"
EndProject
Project("{FAE04EC0-301F-11D3-BF4B-00C04F79EFBC}") = "loucasim.Editor.Plugins", "loucasim.Editor.Plugins.csproj", "{919EA54F-9663-EA07-59D7-3C3A328D5564}"
EndProject
Global
	GlobalSection(SolutionConfigurationPlatforms) = preSolution
		Debug|Any CPU = Debug|Any CPU
		Release|Any CPU = Release|Any CPU
	EndGlobalSection
	GlobalSection(ProjectConfigurationPlatforms) = postSolution
		{AE7AD687-A42E-DED4-2BE9-EC1483EF018F}.Debug|Any CPU.ActiveCfg = Debug|Any CPU
		{AE7AD687-A42E-DED4-2BE9-EC1483EF018F}.Debug|Any CPU.Build.0 = Debug|Any CPU
		{AE7AD687-A42E-DED4-2BE9-EC1483EF018F}.Release|Any CPU.ActiveCfg = Release|Any CPU
		{AE7AD687-A42E-DED4-2BE9-EC1483EF018F}.Release|Any CPU.Build.0 = Release|Any CPU
		{919EA54F-9663-EA07-59D7-3C3A328D5564}.Debug|Any CPU.ActiveCfg = Debug|Any CPU
		{919EA54F-9663-EA07-59D7-3C3A328D5564}.Debug|Any CPU.Build.0 = Debug|Any CPU
		{919EA54F-9663-EA07-59D7-3C3A328D5564}.Release|Any CPU.ActiveCfg = Release|Any CPU
		{919EA54F-9663-EA07-59D7-3C3A328D5564}.Release|Any CPU.Build.0 = Release|Any CPU
	EndGlobalSection
	GlobalSection(SolutionProperties) = preSolution
		HideSolutionNode = FALSE
	EndGlobalSection
EndGlobal
